hash: 1be1dd40dc0b02a974b202af10d5b656555e37f1a155ddb3a05844de236490a9
updated: 2016-10-30T01:06:13.717510493-02:00
imports:
- name: github.com/codegangsta/negroni
  version: fde5e16d32adc7ad637e9cd9ad21d4ebc6192535
- name: github.com/gorilla/context
  version: 08b5f424b9271eedf6f9f0ce86cb9396ed337a42
- name: github.com/gorilla/mux
  version: 0eeaf8392f5b04950925b8a69fe70f110fa7cbfc
testImports: []
